
Microsoft Visual Studio Solution File, Format Version 11.00
# Visual Studio 2010
Project("{FAE04EC0-301F-11D3-BF4B-00C04F79EFBC}") = "Qrcode", "Qrcode\Qrcode.csproj", "{629AF8A6-CB4F-4EBF-8E45-48E5566EFA19}"
EndProject
Project("{FAE04EC0-301F-11D3-BF4B-00C04F79EFBC}") = "ThoughtWorks.QRCode", "ThoughtWorks.QRCode\ThoughtWorks.QRCode.csproj", "{797D3ED0-BF5D-45E4-8648-5EC489E205EE}"
EndProject
Global
	GlobalSection(SolutionConfigurationPlatforms) = preSolution
		Debug|Any CPU = Debug|Any CPU
		Debug|Mixed Platforms = Debug|Mixed Platforms
		Debug|x86 = Debug|x86
		Release|Any CPU = Release|Any CPU
		Release|Mixed Platforms = Release|Mixed Platforms
		Release|x86 = Release|x86
	EndGlobalSection
	GlobalSection(ProjectConfigurationPlatforms) = postSolution
		{629AF8A6-CB4F-4EBF-8E45-48E5566EFA19}.Debug|Any CPU.ActiveCfg = Debug|x86
		{629AF8A6-CB4F-4EBF-8E45-48E5566EFA19}.Debug|Mixed Platforms.ActiveCfg = Debug|x86
		{629AF8A6-CB4F-4EBF-8E45-48E5566EFA19}.Debug|Mixed Platforms.Build.0 = Debug|x86
		{629AF8A6-CB4F-4EBF-8E45-48E5566EFA19}.Debug|x86.ActiveCfg = Debug|x86
		{629AF8A6-CB4F-4EBF-8E45-48E5566EFA19}.Debug|x86.Build.0 = Debug|x86
		{629AF8A6-CB4F-4EBF-8E45-48E5566EFA19}.Release|Any CPU.ActiveCfg = Release|x86
		{629AF8A6-CB4F-4EBF-8E45-48E5566EFA19}.Release|Mixed Platforms.ActiveCfg = Release|x86
		{629AF8A6-CB4F-4EBF-8E45-48E5566EFA19}.Release|Mixed Platforms.Build.0 = Release|x86
		{629AF8A6-CB4F-4EBF-8E45-48E5566EFA19}.Release|x86.ActiveCfg = Release|x86
		{629AF8A6-CB4F-4EBF-8E45-48E5566EFA19}.Release|x86.Build.0 = Release|x86
		{797D3ED0-BF5D-45E4-8648-5EC489E205EE}.Debug|Any CPU.ActiveCfg = Debug|Any CPU
		{797D3ED0-BF5D-45E4-8648-5EC489E205EE}.Debug|Any CPU.Build.0 = Debug|Any CPU
		{797D3ED0-BF5D-45E4-8648-5EC489E205EE}.Debug|Mixed Platforms.ActiveCfg = Debug|Any CPU
		{797D3ED0-BF5D-45E4-8648-5EC489E205EE}.Debug|Mixed Platforms.Build.0 = Debug|Any CPU
		{797D3ED0-BF5D-45E4-8648-5EC489E205EE}.Debug|x86.ActiveCfg = Debug|Any CPU
		{797D3ED0-BF5D-45E4-8648-5EC489E205EE}.Release|Any CPU.ActiveCfg = Release|Any CPU
		{797D3ED0-BF5D-45E4-8648-5EC489E205EE}.Release|Any CPU.Build.0 = Release|Any CPU
		{797D3ED0-BF5D-45E4-8648-5EC489E205EE}.Release|Mixed Platforms.ActiveCfg = Release|Any CPU
		{797D3ED0-BF5D-45E4-8648-5EC489E205EE}.Release|Mixed Platforms.Build.0 = Release|Any CPU
		{797D3ED0-BF5D-45E4-8648-5EC489E205EE}.Release|x86.ActiveCfg = Release|Any CPU
	EndGlobalSection
	GlobalSection(SolutionProperties) = preSolution
		HideSolutionNode = FALSE
	EndGlobalSection
EndGlobal
